// !$*UTF8*$!
{
	archiveVersion = 1;
	classes = {
	};
	objectVersion = 46;
	objects = {

/* Begin PBXBuildFile section */
		B72054131B0EDC0000DF04E6 /* main.m in Sources */ = {isa = PBXBuildFile; fileRef = B72054121B0EDC0000DF04E6 /* main.m */; };
		B72054161B0EDC0000DF04E6 /* AppDelegate.m in Sources */ = {isa = PBXBuildFile; fileRef = B72054151B0EDC0000DF04E6 /* AppDelegate.m */; };
		B72054191B0EDC0000DF04E6 /* ViewController.m in Sources */ = {isa = PBXBuildFile; fileRef = B72054181B0EDC0000DF04E6 /* ViewController.m */; };
		B720541C1B0EDC0000DF04E6 /* Main.storyboard in Resources */ = {isa = PBXBuildFile; fileRef = B720541A1B0EDC0000DF04E6 /* Main.storyboard */; };
		B720541E1B0EDC0000DF04E6 /* Images.xcassets in Resources */ = {isa = PBXBuildFile; fileRef = B720541D1B0EDC0000DF04E6 /* Images.xcassets */; };
		B72054211B0EDC0000DF04E6 /* LaunchScreen.xib in Resources */ = {isa = PBXBuildFile; fileRef = B720541F1B0EDC0000DF04E6 /* LaunchScreen.xib */; };
		B720542D1B0EDC0000DF04E6 /* event_demoTests.m in Sources */ = {isa = PBXBuildFile; fileRef = B720542C1B0EDC0000DF04E6 /* event_demoTests.m */; };
		B72054411B0EDC0D00DF04E6 /* InterfaceController.m in Sources */ = {isa = PBXBuildFile; fileRef = B72054401B0EDC0D00DF04E6 /* InterfaceController.m */; };
		B72054441B0EDC0D00DF04E6 /* NotificationController.m in Sources */ = {isa = PBXBuildFile; fileRef = B72054431B0EDC0D00DF04E6 /* NotificationController.m */; };
		B72054461B0EDC0D00DF04E6 /* Images.xcassets in Resources */ = {isa = PBXBuildFile; fileRef = B72054451B0EDC0D00DF04E6 /* Images.xcassets */; };
		B720544A1B0EDC0D00DF04E6 /* event_demo WatchKit App.app in Resources */ = {isa = PBXBuildFile; fileRef = B72054491B0EDC0D00DF04E6 /* event_demo WatchKit App.app */; };
		B72054521B0EDC0D00DF04E6 /* Interface.storyboard in Resources */ = {isa = PBXBuildFile; fileRef = B72054501B0EDC0D00DF04E6 /* Interface.storyboard */; };
		B72054541B0EDC0D00DF04E6 /* Images.xcassets in Resources */ = {isa = PBXBuildFile; fileRef = B72054531B0EDC0D00DF04E6 /* Images.xcassets */; };
		B72054571B0EDC0D00DF04E6 /* event_demo WatchKit Extension.appex in Embed App Extensions */ = {isa = PBXBuildFile; fileRef = B720543A1B0EDC0D00DF04E6 /* event_demo WatchKit Extension.appex */; settings = {ATTRIBUTES = (RemoveHeadersOnCopy, ); }; };
		B72054611B0EE0FB00DF04E6 /* InterfaceControllerTwo.m in Sources */ = {isa = PBXBuildFile; fileRef = B72054601B0EE0FB00DF04E6 /* InterfaceControllerTwo.m */; };
		B72054641B0EF6A000DF04E6 /* ViewControllerTwo.m in Sources */ = {isa = PBXBuildFile; fileRef = B72054631B0EF6A000DF04E6 /* ViewControllerTwo.m */; };
/* End PBXBuildFile section */

/* Begin PBXContainerItemProxy section */
		B72054271B0EDC0000DF04E6 /* PBXContainerItemProxy */ = {
			isa = PBXContainerItemProxy;
			containerPortal = B72054051B0EDC0000DF04E6 /* Project object */;
			proxyType = 1;
			remoteGlobalIDString = B720540C1B0EDC0000DF04E6;
			remoteInfo = event_demo;
		};
		B720544B1B0EDC0D00DF04E6 /* PBXContainerItemProxy */ = {
			isa = PBXContainerItemProxy;
			containerPortal = B72054051B0EDC0000DF04E6 /* Project object */;
			proxyType = 1;
			remoteGlobalIDString = B72054481B0EDC0D00DF04E6;
			remoteInfo = "event_demo WatchKit App";
		};
		B72054551B0EDC0D00DF04E6 /* PBXContainerItemProxy */ = {
			isa = PBXContainerItemProxy;
			containerPortal = B72054051B0EDC0000DF04E6 /* Project object */;
			proxyType = 1;
			remoteGlobalIDString = B72054391B0EDC0D00DF04E6;
			remoteInfo = "event_demo WatchKit Extension";
		};
/* End PBXContainerItemProxy section */

/* Begin PBXCopyFilesBuildPhase section */
		B720545E1B0EDC0D00DF04E6 /* Embed App Extensions */ = {
			isa = PBXCopyFilesBuildPhase;
			buildActionMask = 2147483647;
			dstPath = "";
			dstSubfolderSpec = 13;
			files = (
				B72054571B0EDC0D00DF04E6 /* event_demo WatchKit Extension.appex in Embed App Extensions */,
			);
			name = "Embed App Extensions";
			runOnlyForDeploymentPostprocessing = 0;
		};
/* End PBXCopyFilesBuildPhase section */

/* Begin PBXFileReference section */
		B720540D1B0EDC0000DF04E6 /* event_demo.app */ = {isa = PBXFileReference; explicitFileType = wrapper.application; includeInIndex = 0; path = event_demo.app; sourceTree = BUILT_PRODUCTS_DIR; };
		B72054111B0EDC0000DF04E6 /* Info.plist */ = {isa = PBXFileReference; lastKnownFileType = text.plist.xml; path = Info.plist; sourceTree = "<group>"; };
		B72054121B0EDC0000DF04E6 /* main.m */ = {isa = PBXFileReference; lastKnownFileType = sourcecode.c.objc; path = main.m; sourceTree = "<group>"; };
		B72054141B0EDC0000DF04E6 /* AppDelegate.h */ = {isa = PBXFileReference; lastKnownFileType = sourcecode.c.h; path = AppDelegate.h; sourceTree = "<group>"; };
		B72054151B0EDC0000DF04E6 /* AppDelegate.m */ = {isa = PBXFileReference; lastKnownFileType = sourcecode.c.objc; path = AppDelegate.m; sourceTree = "<group>"; };
		B72054171B0EDC0000DF04E6 /* ViewController.h */ = {isa = PBXFileReference; lastKnownFileType = sourcecode.c.h; path = ViewController.h; sourceTree = "<group>"; };
		B72054181B0EDC0000DF04E6 /* ViewController.m */ = {isa = PBXFileReference; lastKnownFileType = sourcecode.c.objc; path = ViewController.m; sourceTree = "<group>"; };
		B720541B1B0EDC0000DF04E6 /* Base */ = {isa = PBXFileReference; lastKnownFileType = file.storyboard; name = Base; path = Base.lproj/Main.storyboard; sourceTree = "<group>"; };
		B720541D1B0EDC0000DF04E6 /* Images.xcassets */ = {isa = PBXFileReference; lastKnownFileType = folder.assetcatalog; path = Images.xcassets; sourceTree = "<group>"; };
		B72054201B0EDC0000DF04E6 /* Base */ = {isa = PBXFileReference; lastKnownFileType = file.xib; name = Base; path = Base.lproj/LaunchScreen.xib; sourceTree = "<group>"; };
		B72054261B0EDC0000DF04E6 /* event_demoTests.xctest */ = {isa = PBXFileReference; explicitFileType = wrapper.cfbundle; includeInIndex = 0; path = event_demoTests.xctest; sourceTree = BUILT_PRODUCTS_DIR; };
		B720542B1B0EDC0000DF04E6 /* Info.plist */ = {isa = PBXFileReference; lastKnownFileType = text.plist.xml; path = Info.plist; sourceTree = "<group>"; };
		B720542C1B0EDC0000DF04E6 /* event_demoTests.m */ = {isa = PBXFileReference; lastKnownFileType = sourcecode.c.objc; path = event_demoTests.m; sourceTree = "<group>"; };
		B720543A1B0EDC0D00DF04E6 /* event_demo WatchKit Extension.appex */ = {isa = PBXFileReference; explicitFileType = "wrapper.app-extension"; includeInIndex = 0; path = "event_demo WatchKit Extension.appex"; sourceTree = BUILT_PRODUCTS_DIR; };
		B720543D1B0EDC0D00DF04E6 /* Info.plist */ = {isa = PBXFileReference; lastKnownFileType = text.plist.xml; path = Info.plist; sourceTree = "<group>"; };
		B720543E1B0EDC0D00DF04E6 /* PushNotificationPayload.apns */ = {isa = PBXFileReference; lastKnownFileType = text; path = PushNotificationPayload.apns; sourceTree = "<group>"; };
		B720543F1B0EDC0D00DF04E6 /* InterfaceController.h */ = {isa = PBXFileReference; lastKnownFileType = sourcecode.c.h; path = InterfaceController.h; sourceTree = "<group>"; };
		B72054401B0EDC0D00DF04E6 /* InterfaceController.m */ = {isa = PBXFileReference; lastKnownFileType = sourcecode.c.objc; path = InterfaceController.m; sourceTree = "<group>"; };
		B72054421B0EDC0D00DF04E6 /* NotificationController.h */ = {isa = PBXFileReference; lastKnownFileType = sourcecode.c.h; path = NotificationController.h; sourceTree = "<group>"; };
		B72054431B0EDC0D00DF04E6 /* NotificationController.m */ = {isa = PBXFileReference; lastKnownFileType = sourcecode.c.objc; path = NotificationController.m; sourceTree = "<group>"; };
		B72054451B0EDC0D00DF04E6 /* Images.xcassets */ = {isa = PBXFileReference; lastKnownFileType = folder.assetcatalog; path = Images.xcassets; sourceTree = "<group>"; };
		B72054491B0EDC0D00DF04E6 /* event_demo WatchKit App.app */ = {isa = PBXFileReference; explicitFileType = wrapper.application; includeInIndex = 0; path = "event_demo WatchKit App.app"; sourceTree = BUILT_PRODUCTS_DIR; };
		B720544F1B0EDC0D00DF04E6 /* Info.plist */ = {isa = PBXFileReference; lastKnownFileType = text.plist.xml; path = Info.plist; sourceTree = "<group>"; };
		B72054511B0EDC0D00DF04E6 /* Base */ = {isa = PBXFileReference; lastKnownFileType = file.storyboard; name = Base; path = Base.lproj/Interface.storyboard; sourceTree = "<group>"; };
		B72054531B0EDC0D00DF04E6 /* Images.xcassets */ = {isa = PBXFileReference; lastKnownFileType = folder.assetcatalog; path = Images.xcassets; sourceTree = "<group>"; };
		B720545F1B0EE0FB00DF04E6 /* InterfaceControllerTwo.h */ = {isa = PBXFileReference; fileEncoding = 4; lastKnownFileType = sourcecode.c.h; path = InterfaceControllerTwo.h; sourceTree = "<group>"; };
		B72054601B0EE0FB00DF04E6 /* InterfaceControllerTwo.m */ = {isa = PBXFileReference; fileEncoding = 4; lastKnownFileType = sourcecode.c.objc; path = InterfaceControllerTwo.m; sourceTree = "<group>"; };
		B72054621B0EF6A000DF04E6 /* ViewControllerTwo.h */ = {isa = PBXFileReference; fileEncoding = 4; lastKnownFileType = sourcecode.c.h; path = ViewControllerTwo.h; sourceTree = "<group>"; };
		B72054631B0EF6A000DF04E6 /* ViewControllerTwo.m */ = {isa = PBXFileReference; fileEncoding = 4; lastKnownFileType = sourcecode.c.objc; path = ViewControllerTwo.m; sourceTree = "<group>"; };
/* End PBXFileReference section */

/* Begin PBXFrameworksBuildPhase section */
		B720540A1B0EDC0000DF04E6 /* Frameworks */ = {
			isa = PBXFrameworksBuildPhase;
			buildActionMask = 2147483647;
			files = (
			);
			runOnlyForDeploymentPostprocessing = 0;
		};
		B72054231B0EDC0000DF04E6 /* Frameworks */ = {
			isa = PBXFrameworksBuildPhase;
			buildActionMask = 2147483647;
			files = (
			);
			runOnlyForDeploymentPostprocessing = 0;
		};
		B72054371B0EDC0D00DF04E6 /* Frameworks */ = {
			isa = PBXFrameworksBuildPhase;
			buildActionMask = 2147483647;
			files = (
			);
			runOnlyForDeploymentPostprocessing = 0;
		};
/* End PBXFrameworksBuildPhase section */

/* Begin PBXGroup section */
		B72054041B0EDC0000DF04E6 = {
			isa = PBXGroup;
			children = (
				B720540F1B0EDC0000DF04E6 /* event_demo */,
				B72054291B0EDC0000DF04E6 /* event_demoTests */,
				B720543B1B0EDC0D00DF04E6 /* event_demo WatchKit Extension */,
				B720544D1B0EDC0D00DF04E6 /* event_demo WatchKit App */,
				B720540E1B0EDC0000DF04E6 /* Products */,
			);
			sourceTree = "<group>";
		};
		B720540E1B0EDC0000DF04E6 /* Products */ = {
			isa = PBXGroup;
			children = (
				B720540D1B0EDC0000DF04E6 /* event_demo.app */,
				B72054261B0EDC0000DF04E6 /* event_demoTests.xctest */,
				B720543A1B0EDC0D00DF04E6 /* event_demo WatchKit Extension.appex */,
				B72054491B0EDC0D00DF04E6 /* event_demo WatchKit App.app */,
			);
			name = Products;
			sourceTree = "<group>";
		};
		B720540F1B0EDC0000DF04E6 /* event_demo */ = {
			isa = PBXGroup;
			children = (
				B72054141B0EDC0000DF04E6 /* AppDelegate.h */,
				B72054151B0EDC0000DF04E6 /* AppDelegate.m */,
				B72054171B0EDC0000DF04E6 /* ViewController.h */,
				B72054181B0EDC0000DF04E6 /* ViewController.m */,
				B72054621B0EF6A000DF04E6 /* ViewControllerTwo.h */,
				B72054631B0EF6A000DF04E6 /* ViewControllerTwo.m */,
				B720541A1B0EDC0000DF04E6 /* Main.storyboard */,
				B720541D1B0EDC0000DF04E6 /* Images.xcassets */,
				B720541F1B0EDC0000DF04E6 /* LaunchScreen.xib */,
				B72054101B0EDC0000DF04E6 /* Supporting Files */,
			);
			path = event_demo;
			sourceTree = "<group>";
		};
		B72054101B0EDC0000DF04E6 /* Supporting Files */ = {
			isa = PBXGroup;
			children = (
				B72054111B0EDC0000DF04E6 /* Info.plist */,
				B72054121B0EDC0000DF04E6 /* main.m */,
			);
			name = "Supporting Files";
			sourceTree = "<group>";
		};
		B72054291B0EDC0000DF04E6 /* event_demoTests */ = {
			isa = PBXGroup;
			children = (
				B720542C1B0EDC0000DF04E6 /* event_demoTests.m */,
				B720542A1B0EDC0000DF04E6 /* Supporting Files */,
			);
			path = event_demoTests;
			sourceTree = "<group>";
		};
		B720542A1B0EDC0000DF04E6 /* Supporting Files */ = {
			isa = PBXGroup;
			children = (
				B720542B1B0EDC0000DF04E6 /* Info.plist */,
			);
			name = "Supporting Files";
			sourceTree = "<group>";
		};
		B720543B1B0EDC0D00DF04E6 /* event_demo WatchKit Extension */ = {
			isa = PBXGroup;
			children = (
				B720545F1B0EE0FB00DF04E6 /* InterfaceControllerTwo.h */,
				B72054601B0EE0FB00DF04E6 /* InterfaceControllerTwo.m */,
				B720543F1B0EDC0D00DF04E6 /* InterfaceController.h */,
				B72054401B0EDC0D00DF04E6 /* InterfaceController.m */,
				B72054421B0EDC0D00DF04E6 /* NotificationController.h */,
				B72054431B0EDC0D00DF04E6 /* NotificationController.m */,
				B72054451B0EDC0D00DF04E6 /* Images.xcassets */,
				B720543C1B0EDC0D00DF04E6 /* Supporting Files */,
			);
			path = "event_demo WatchKit Extension";
			sourceTree = "<group>";
		};
		B720543C1B0EDC0D00DF04E6 /* Supporting Files */ = {
			isa = PBXGroup;
			children = (
				B720543D1B0EDC0D00DF04E6 /* Info.plist */,
				B720543E1B0EDC0D00DF04E6 /* PushNotificationPayload.apns */,
			);
			name = "Supporting Files";
			sourceTree = "<group>";
		};
		B720544D1B0EDC0D00DF04E6 /* event_demo WatchKit App */ = {
			isa = PBXGroup;
			children = (
				B72054501B0EDC0D00DF04E6 /* Interface.storyboard */,
				B72054531B0EDC0D00DF04E6 /* Images.xcassets */,
				B720544E1B0EDC0D00DF04E6 /* Supporting Files */,
			);
			path = "event_demo WatchKit App";
			sourceTree = "<group>";
		};
		B720544E1B0EDC0D00DF04E6 /* Supporting Files */ = {
			isa = PBXGroup;
			children = (
				B720544F1B0EDC0D00DF04E6 /* Info.plist */,
			);
			name = "Supporting Files";
			sourceTree = "<group>";
		};
/* End PBXGroup section */

/* Begin PBXNativeTarget section */
		B720540C1B0EDC0000DF04E6 /* event_demo */ = {
			isa = PBXNativeTarget;
			buildConfigurationList = B72054301B0EDC0000DF04E6 /* Build configuration list for PBXNativeTarget "event_demo" */;
			buildPhases = (
				B72054091B0EDC0000DF04E6 /* Sources */,
				B720540A1B0EDC0000DF04E6 /* Frameworks */,
				B720540B1B0EDC0000DF04E6 /* Resources */,
				B720545E1B0EDC0D00DF04E6 /* Embed App Extensions */,
			);
			buildRules = (
			);
			dependencies = (
				B72054561B0EDC0D00DF04E6 /* PBXTargetDependency */,
			);
			name = event_demo;
			productName = event_demo;
			productReference = B720540D1B0EDC0000DF04E6 /* event_demo.app */;
			productType = "com.apple.product-type.application";
		};
		B72054251B0EDC0000DF04E6 /* event_demoTests */ = {
			isa = PBXNativeTarget;
			buildConfigurationList = B72054331B0EDC0000DF04E6 /* Build configuration list for PBXNativeTarget "event_demoTests" */;
			buildPhases = (
				B72054221B0EDC0000DF04E6 /* Sources */,
				B72054231B0EDC0000DF04E6 /* Frameworks */,
				B72054241B0EDC0000DF04E6 /* Resources */,
			);
			buildRules = (
			);
			dependencies = (
				B72054281B0EDC0000DF04E6 /* PBXTargetDependency */,
			);
			name = event_demoTests;
			productName = event_demoTests;
			productReference = B72054261B0EDC0000DF04E6 /* event_demoTests.xctest */;
			productType = "com.apple.product-type.bundle.unit-test";
		};
		B72054391B0EDC0D00DF04E6 /* event_demo WatchKit Extension */ = {
			isa = PBXNativeTarget;
			buildConfigurationList = B720545B1B0EDC0D00DF04E6 /* Build configuration list for PBXNativeTarget "event_demo WatchKit Extension" */;
			buildPhases = (
				B72054361B0EDC0D00DF04E6 /* Sources */,
				B72054371B0EDC0D00DF04E6 /* Frameworks */,
				B72054381B0EDC0D00DF04E6 /* Resources */,
			);
			buildRules = (
			);
			dependencies = (
				B720544C1B0EDC0D00DF04E6 /* PBXTargetDependency */,
			);
			name = "event_demo WatchKit Extension";
			productName = "event_demo WatchKit Extension";
			productReference = B720543A1B0EDC0D00DF04E6 /* event_demo WatchKit Extension.appex */;
			productType = "com.apple.product-type.watchkit-extension";
		};
		B72054481B0EDC0D00DF04E6 /* event_demo WatchKit App */ = {
			isa = PBXNativeTarget;
			buildConfigurationList = B72054581B0EDC0D00DF04E6 /* Build configuration list for PBXNativeTarget "event_demo WatchKit App" */;
			buildPhases = (
				B72054471B0EDC0D00DF04E6 /* Resources */,
			);
			buildRules = (
			);
			dependencies = (
			);
			name = "event_demo WatchKit App";
			productName = "event_demo WatchKit App";
			productReference = B72054491B0EDC0D00DF04E6 /* event_demo WatchKit App.app */;
			productType = "com.apple.product-type.application.watchapp";
		};
/* End PBXNativeTarget section */

/* Begin PBXProject section */
		B72054051B0EDC0000DF04E6 /* Project object */ = {
			isa = PBXProject;
			attributes = {
				LastUpgradeCheck = 0630;
				ORGANIZATIONNAME = rain;
				TargetAttributes = {
					B720540C1B0EDC0000DF04E6 = {
						CreatedOnToolsVersion = 6.3.1;
					};
					B72054251B0EDC0000DF04E6 = {
						CreatedOnToolsVersion = 6.3.1;
						TestTargetID = B720540C1B0EDC0000DF04E6;
					};
					B72054391B0EDC0D00DF04E6 = {
						CreatedOnToolsVersion = 6.3.1;
					};
					B72054481B0EDC0D00DF04E6 = {
						CreatedOnToolsVersion = 6.3.1;
					};
				};
			};
			buildConfigurationList = B72054081B0EDC0000DF04E6 /* Build configuration list for PBXProject "event_demo" */;
			compatibilityVersion = "Xcode 3.2";
			developmentRegion = English;
			hasScannedForEncodings = 0;
			knownRegions = (
				en,
				Base,
			);
			mainGroup = B72054041B0EDC0000DF04E6;
			productRefGroup = B720540E1B0EDC0000DF04E6 /* Products */;
			projectDirPath = "";
			projectRoot = "";
			targets = (
				B720540C1B0EDC0000DF04E6 /* event_demo */,
				B72054251B0EDC0000DF04E6 /* event_demoTests */,
				B72054391B0EDC0D00DF04E6 /* event_demo WatchKit Extension */,
				B72054481B0EDC0D00DF04E6 /* event_demo WatchKit App */,
			);
		};
/* End PBXProject section */

/* Begin PBXResourcesBuildPhase section */
		B720540B1B0EDC0000DF04E6 /* Resources */ = {
			isa = PBXResourcesBuildPhase;
			buildActionMask = 2147483647;
			files = (
				B720541C1B0EDC0000DF04E6 /* Main.storyboard in Resources */,
				B72054211B0EDC0000DF04E6 /* LaunchScreen.xib in Resources */,
				B720541E1B0EDC0000DF04E6 /* Images.xcassets in Resources */,
			);
			runOnlyForDeploymentPostprocessing = 0;
		};
		B72054241B0EDC0000DF04E6 /* Resources */ = {
			isa = PBXResourcesBuildPhase;
			buildActionMask = 2147483647;
			files = (
			);
			runOnlyForDeploymentPostprocessing = 0;
		};
		B72054381B0EDC0D00DF04E6 /* Resources */ = {
			isa = PBXResourcesBuildPhase;
			buildActionMask = 2147483647;
			files = (
				B720544A1B0EDC0D00DF04E6 /* event_demo WatchKit App.app in Resources */,
				B72054461B0EDC0D00DF04E6 /* Images.xcassets in Resources */,
			);
			runOnlyForDeploymentPostprocessing = 0;
		};
		B72054471B0EDC0D00DF04E6 /* Resources */ = {
			isa = PBXResourcesBuildPhase;
			buildActionMask = 2147483647;
			files = (
				B72054521B0EDC0D00DF04E6 /* Interface.storyboard in Resources */,
				B72054541B0EDC0D00DF04E6 /* Images.xcassets in Resources */,
			);
			runOnlyForDeploymentPostprocessing = 0;
		};
/* End PBXResourcesBuildPhase section */

/* Begin PBXSourcesBuildPhase section */
		B72054091B0EDC0000DF04E6 /* Sources */ = {
			isa = PBXSourcesBuildPhase;
			buildActionMask = 2147483647;
			files = (
				B72054191B0EDC0000DF04E6 /* ViewController.m in Sources */,
				B72054161B0EDC0000DF04E6 /* AppDelegate.m in Sources */,
				B72054131B0EDC0000DF04E6 /* main.m in Sources */,
				B72054641B0EF6A000DF04E6 /* ViewControllerTwo.m in Sources */,
			);
			runOnlyForDeploymentPostprocessing = 0;
		};
		B72054221B0EDC0000DF04E6 /* Sources */ = {
			isa = PBXSourcesBuildPhase;
			buildActionMask = 2147483647;
			files = (
				B720542D1B0EDC0000DF04E6 /* event_demoTests.m in Sources */,
			);
			runOnlyForDeploymentPostprocessing = 0;
		};
		B72054361B0EDC0D00DF04E6 /* Sources */ = {
			isa = PBXSourcesBuildPhase;
			buildActionMask = 2147483647;
			files = (
				B72054441B0EDC0D00DF04E6 /* NotificationController.m in Sources */,
				B72054411B0EDC0D00DF04E6 /* InterfaceController.m in Sources */,
				B72054611B0EE0FB00DF04E6 /* InterfaceControllerTwo.m in Sources */,
			);
			runOnlyForDeploymentPostprocessing = 0;
		};
/* End PBXSourcesBuildPhase section */

/* Begin PBXTargetDependency section */
		B72054281B0EDC0000DF04E6 /* PBXTargetDependency */ = {
			isa = PBXTargetDependency;
			target = B720540C1B0EDC0000DF04E6 /* event_demo */;
			targetProxy = B72054271B0EDC0000DF04E6 /* PBXContainerItemProxy */;
		};
		B720544C1B0EDC0D00DF04E6 /* PBXTargetDependency */ = {
			isa = PBXTargetDependency;
			target = B72054481B0EDC0D00DF04E6 /* event_demo WatchKit App */;
			targetProxy = B720544B1B0EDC0D00DF04E6 /* PBXContainerItemProxy */;
		};
		B72054561B0EDC0D00DF04E6 /* PBXTargetDependency */ = {
			isa = PBXTargetDependency;
			target = B72054391B0EDC0D00DF04E6 /* event_demo WatchKit Extension */;
			targetProxy = B72054551B0EDC0D00DF04E6 /* PBXContainerItemProxy */;
		};
/* End PBXTargetDependency section */

/* Begin PBXVariantGroup section */
		B720541A1B0EDC0000DF04E6 /* Main.storyboard */ = {
			isa = PBXVariantGroup;
			children = (
				B720541B1B0EDC0000DF04E6 /* Base */,
			);
			name = Main.storyboard;
			sourceTree = "<group>";
		};
		B720541F1B0EDC0000DF04E6 /* LaunchScreen.xib */ = {
			isa = PBXVariantGroup;
			children = (
				B72054201B0EDC0000DF04E6 /* Base */,
			);
			name = LaunchScreen.xib;
			sourceTree = "<group>";
		};
		B72054501B0EDC0D00DF04E6 /* Interface.storyboard */ = {
			isa = PBXVariantGroup;
			children = (
				B72054511B0EDC0D00DF04E6 /* Base */,
			);
			name = Interface.storyboard;
			sourceTree = "<group>";
		};
/* End PBXVariantGroup section */

/* Begin XCBuildConfiguration section */
		B720542E1B0EDC0000DF04E6 /* Debug */ = {
			isa = XCBuildConfiguration;
			buildSettings = {
				ALWAYS_SEARCH_USER_PATHS = NO;
				CLANG_CXX_LANGUAGE_STANDARD = "gnu++0x";
				CLANG_CXX_LIBRARY = "libc++";
				CLANG_ENABLE_MODULES = YES;
				CLANG_ENABLE_OBJC_ARC = YES;
				CLANG_WARN_BOOL_CONVERSION = YES;
				CLANG_WARN_CONSTANT_CONVERSION = YES;
				CLANG_WARN_DIRECT_OBJC_ISA_USAGE = YES_ERROR;
				CLANG_WARN_EMPTY_BODY = YES;
				CLANG_WARN_ENUM_CONVERSION = YES;
				CLANG_WARN_INT_CONVERSION = YES;
				CLANG_WARN_OBJC_ROOT_CLASS = YES_ERROR;
				CLANG_WARN_UNREACHABLE_CODE = YES;
				CLANG_WARN__DUPLICATE_METHOD_MATCH = YES;
				"CODE_SIGN_IDENTITY[sdk=iphoneos*]" = "iPhone Developer";
				COPY_PHASE_STRIP = NO;
				DEBUG_INFORMATION_FORMAT = "dwarf-with-dsym";
				ENABLE_STRICT_OBJC_MSGSEND = YES;
				GCC_C_LANGUAGE_STANDARD = gnu99;
				GCC_DYNAMIC_NO_PIC = NO;
				GCC_NO_COMMON_BLOCKS = YES;
				GCC_OPTIMIZATION_LEVEL = 0;
				GCC_PREPROCESSOR_DEFINITIONS = (
					"DEBUG=1",
					"$(inherited)",
				);
				GCC_SYMBOLS_PRIVATE_EXTERN = NO;
				GCC_WARN_64_TO_32_BIT_CONVERSION = YES;
				GCC_WARN_ABOUT_RETURN_TYPE = YES_ERROR;
				GCC_WARN_UNDECLARED_SELECTOR = YES;
				GCC_WARN_UNINITIALIZED_AUTOS = YES_AGGRESSIVE;
				GCC_WARN_UNUSED_FUNCTION = YES;
				GCC_WARN_UNUSED_VARIABLE = YES;
				IPHONEOS_DEPLOYMENT_TARGET = 8.3;
				MTL_ENABLE_DEBUG_INFO = YES;
				ONLY_ACTIVE_ARCH = YES;
				SDKROOT = iphoneos;
				TARGETED_DEVICE_FAMILY = "1,2";
			};
			name = Debug;
		};
		B720542F1B0EDC0000DF04E6 /* Release */ = {
			isa = XCBuildConfiguration;
			buildSettings = {
				ALWAYS_SEARCH_USER_PATHS = NO;
				CLANG_CXX_LANGUAGE_STANDARD = "gnu++0x";
				CLANG_CXX_LIBRARY = "libc++";
				CLANG_ENABLE_MODULES = YES;
				CLANG_ENABLE_OBJC_ARC = YES;
				CLANG_WARN_BOOL_CONVERSION = YES;
				CLANG_WARN_CONSTANT_CONVERSION = YES;
				CLANG_WARN_DIRECT_OBJC_ISA_USAGE = YES_ERROR;
				CLANG_WARN_EMPTY_BODY = YES;
				CLANG_WARN_ENUM_CONVERSION = YES;
				CLANG_WARN_INT_CONVERSION = YES;
				CLANG_WARN_OBJC_ROOT_CLASS = YES_ERROR;
				CLANG_WARN_UNREACHABLE_CODE = YES;
				CLANG_WARN__DUPLICATE_METHOD_MATCH = YES;
				"CODE_SIGN_IDENTITY[sdk=iphoneos*]" = "iPhone Developer";
				COPY_PHASE_STRIP = NO;
				DEBUG_INFORMATION_FORMAT = "dwarf-with-dsym";
				ENABLE_NS_ASSERTIONS = NO;
				ENABLE_STRICT_OBJC_MSGSEND = YES;
				GCC_C_LANGUAGE_STANDARD = gnu99;
				GCC_NO_COMMON_BLOCKS = YES;
				GCC_WARN_64_TO_32_BIT_CONVERSION = YES;
				GCC_WARN_ABOUT_RETURN_TYPE = YES_ERROR;
				GCC_WARN_UNDECLARED_SELECTOR = YES;
				GCC_WARN_UNINITIALIZED_AUTOS = YES_AGGRESSIVE;
				GCC_WARN_UNUSED_FUNCTION = YES;
				GCC_WARN_UNUSED_VARIABLE = YES;
				IPHONEOS_DEPLOYMENT_TARGET = 8.3;
				MTL_ENABLE_DEBUG_INFO = NO;
				SDKROOT = iphoneos;
				TARGETED_DEVICE_FAMILY = "1,2";
				VALIDATE_PRODUCT = YES;
			};
			name = Release;
		};
		B72054311B0EDC0000DF04E6 /* Debug */ = {
			isa = XCBuildConfiguration;
			buildSettings = {
				ASSETCATALOG_COMPILER_APPICON_NAME = AppIcon;
				INFOPLIST_FILE = event_demo/Info.plist;
				LD_RUNPATH_SEARCH_PATHS = "$(inherited) @executable_path/Frameworks";
				PRODUCT_NAME = "$(TARGET_NAME)";
			};
			name = Debug;
		};
		B72054321B0EDC0000DF04E6 /* Release */ = {
			isa = XCBuildConfiguration;
			buildSettings = {
				ASSETCATALOG_COMPILER_APPICON_NAME = AppIcon;
				INFOPLIST_FILE = event_demo/Info.plist;
				LD_RUNPATH_SEARCH_PATHS = "$(inherited) @executable_path/Frameworks";
				PRODUCT_NAME = "$(TARGET_NAME)";
			};
			name = Release;
		};
		B72054341B0EDC0000DF04E6 /* Debug */ = {
			isa = XCBuildConfiguration;
			buildSettings = {
				BUNDLE_LOADER = "$(TEST_HOST)";
				FRAMEWORK_SEARCH_PATHS = (
					"$(SDKROOT)/Developer/Library/Frameworks",
					"$(inherited)",
				);
				GCC_PREPROCESSOR_DEFINITIONS = (
					"DEBUG=1",
					"$(inherited)",
				);
				INFOPLIST_FILE = event_demoTests/Info.plist;
				LD_RUNPATH_SEARCH_PATHS = "$(inherited) @executable_path/Frameworks @loader_path/Frameworks";
				PRODUCT_NAME = "$(TARGET_NAME)";
				TEST_HOST = "$(BUILT_PRODUCTS_DIR)/event_demo.app/event_demo";
			};
			name = Debug;
		};
		B72054351B0EDC0000DF04E6 /* Release */ = {
			isa = XCBuildConfiguration;
			buildSettings = {
				BUNDLE_LOADER = "$(TEST_HOST)";
				FRAMEWORK_SEARCH_PATHS = (
					"$(SDKROOT)/Developer/Library/Frameworks",
					"$(inherited)",
				);
				INFOPLIST_FILE = event_demoTests/Info.plist;
				LD_RUNPATH_SEARCH_PATHS = "$(inherited) @executable_path/Frameworks @loader_path/Frameworks";
				PRODUCT_NAME = "$(TARGET_NAME)";
				TEST_HOST = "$(BUILT_PRODUCTS_DIR)/event_demo.app/event_demo";
			};
			name = Release;
		};
		B72054591B0EDC0D00DF04E6 /* Debug */ = {
			isa = XCBuildConfiguration;
			buildSettings = {
				ASSETCATALOG_COMPILER_APPICON_NAME = AppIcon;
				GCC_PREPROCESSOR_DEFINITIONS = (
					"DEBUG=1",
					"$(inherited)",
				);
				IBSC_MODULE = event_demo_WatchKit_Extension;
				INFOPLIST_FILE = "event_demo WatchKit App/Info.plist";
				IPHONEOS_DEPLOYMENT_TARGET = 8.2;
				PRODUCT_NAME = "$(TARGET_NAME)";
				SKIP_INSTALL = YES;
				TARGETED_DEVICE_FAMILY = 4;
				"TARGETED_DEVICE_FAMILY[sdk=iphonesimulator*]" = "1,4";
			};
			name = Debug;
		};
		B720545A1B0EDC0D00DF04E6 /* Release */ = {
			isa = XCBuildConfiguration;
			buildSettings = {
				ASSETCATALOG_COMPILER_APPICON_NAME = AppIcon;
				IBSC_MODULE = event_demo_WatchKit_Extension;
				INFOPLIST_FILE = "event_demo WatchKit App/Info.plist";
				IPHONEOS_DEPLOYMENT_TARGET = 8.2;
				PRODUCT_NAME = "$(TARGET_NAME)";
				SKIP_INSTALL = YES;
				TARGETED_DEVICE_FAMILY = 4;
				"TARGETED_DEVICE_FAMILY[sdk=iphonesimulator*]" = "1,4";
			};
			name = Release;
		};
		B720545C1B0EDC0D00DF04E6 /* Debug */ = {
			isa = XCBuildConfiguration;
			buildSettings = {
				GCC_PREPROCESSOR_DEFINITIONS = (
					"DEBUG=1",
					"$(inherited)",
				);
				INFOPLIST_FILE = "event_demo WatchKit Extension/Info.plist";
				LD_RUNPATH_SEARCH_PATHS = "$(inherited) @executable_path/Frameworks @executable_path/../../Frameworks";
				PRODUCT_NAME = "${TARGET_NAME}";
				SKIP_INSTALL = YES;
			};
			name = Debug;
		};
		B720545D1B0EDC0D00DF04E6 /* Release */ = {
			isa = XCBuildConfiguration;
			buildSettings = {
				INFOPLIST_FILE = "event_demo WatchKit Extension/Info.plist";
				LD_RUNPATH_SEARCH_PATHS = "$(inherited) @executable_path/Frameworks @executable_path/../../Frameworks";
				PRODUCT_NAME = "${TARGET_NAME}";
				SKIP_INSTALL = YES;
			};
			name = Release;
		};
/* End XCBuildConfiguration section */

/* Begin XCConfigurationList section */
		B72054081B0EDC0000DF04E6 /* Build configuration list for PBXProject "event_demo" */ = {
			isa = XCConfigurationList;
			buildConfigurations = (
				B720542E1B0EDC0000DF04E6 /* Debug */,
				B720542F1B0EDC0000DF04E6 /* Release */,
			);
			defaultConfigurationIsVisible = 0;
			defaultConfigurationName = Release;
		};
		B72054301B0EDC0000DF04E6 /* Build configuration list for PBXNativeTarget "event_demo" */ = {
			isa = XCConfigurationList;
			buildConfigurations = (
				B72054311B0EDC0000DF04E6 /* Debug */,
				B72054321B0EDC0000DF04E6 /* Release */,
			);
			defaultConfigurationIsVisible = 0;
			defaultConfigurationName = Release;
		};
		B72054331B0EDC0000DF04E6 /* Build configuration list for PBXNativeTarget "event_demoTests" */ = {
			isa = XCConfigurationList;
			buildConfigurations = (
				B72054341B0EDC0000DF04E6 /* Debug */,
				B72054351B0EDC0000DF04E6 /* Release */,
			);
			defaultConfigurationIsVisible = 0;
			defaultConfigurationName = Release;
		};
		B72054581B0EDC0D00DF04E6 /* Build configuration list for PBXNativeTarget "event_demo WatchKit App" */ = {
			isa = XCConfigurationList;
			buildConfigurations = (
				B72054591B0EDC0D00DF04E6 /* Debug */,
				B720545A1B0EDC0D00DF04E6 /* Release */,
			);
			defaultConfigurationIsVisible = 0;
			defaultConfigurationName = Release;
		};
		B720545B1B0EDC0D00DF04E6 /* Build configuration list for PBXNativeTarget "event_demo WatchKit Extension" */ = {
			isa = XCConfigurationList;
			buildConfigurations = (
				B720545C1B0EDC0D00DF04E6 /* Debug */,
				B720545D1B0EDC0D00DF04E6 /* Release */,
			);
			defaultConfigurationIsVisible = 0;
			defaultConfigurationName = Release;
		};
/* End XCConfigurationList section */
	};
	rootObject = B72054051B0EDC0000DF04E6 /* Project object */;
}
